# THIS IS AN AUTOGENERATED FILE. DO NOT EDIT THIS FILE DIRECTLY.
# yarn lockfile v1


"@join-com/gcloud-express-logger@^0.4.0":
  version "0.4.0"
  resolved "https://registry.yarnpkg.com/@join-com/gcloud-express-logger/-/gcloud-express-logger-0.4.0.tgz#98f5696b48455ab044632d10ef63c6cf88c1765b"
  integrity sha512-pHS10inLXKvkzW/cDsNhX4PvfLk6+l9HxAt5ytjcl/3NEfgHvQd3+dWc7sec1nMBSJNjhsY/ZO4iOwNru3VZcA==
  dependencies:
    "@join-com/gcloud-logger" "^0.4.0"
    on-finished "^2.3.0"

"@join-com/gcloud-logger@^0.4.0":
  version "0.4.0"
  resolved "https://registry.yarnpkg.com/@join-com/gcloud-logger/-/gcloud-logger-0.4.0.tgz#c45f8cace2a55a87303795144ae2a88f92390950"
  integrity sha512-ZTgQMM51ppeYPV0YSpI9y8XaxHhhKTP/KGksOSQF5lJVrVYLghihsGaY/HNcpRHuc1PKJ7hnmZvfQiNw0Rd9zQ==
  dependencies:
    chalk "^2.4.1"

"@join-com/gcloud-typeorm-logger@^0.4.0":
  version "0.4.0"
  resolved "https://registry.yarnpkg.com/@join-com/gcloud-typeorm-logger/-/gcloud-typeorm-logger-0.4.0.tgz#65c584d1472b150e405ced2fa0ce52b8b9d4fe49"
  integrity sha512-b7y/Z1/gQk/7Nlap1Nk89XtCHPoOZ1qkET1jdJYTrZ06XKXdcqbxsPe2VzehVZuD0lPkuZ7QTtKwi2InbLIqsw==
  dependencies:
    "@join-com/gcloud-logger" "^0.4.0"

"@join-com/node-trace@^0.4.0":
  version "0.4.0"
  resolved "https://registry.yarnpkg.com/@join-com/node-trace/-/node-trace-0.4.0.tgz#71a897f8e4ea5ada1312db7fb814a650d51ec575"
  integrity sha512-VKaqMSmfuFQEpRF9hOWyxz52deULbdXNUuQu95RQXtauU81IoHdLQb/IgfrxD+q68TCUgI8J5Afq+W1qtjtu3w==
  dependencies:
    uuid "^3.2.1"

"@types/body-parser@*":
  version "1.17.0"
  resolved "https://registry.npmjs.org/@types/body-parser/-/body-parser-1.17.0.tgz#9f5c9d9bd04bb54be32d5eb9fc0d8c974e6cf58c"
  dependencies:
    "@types/connect" "*"
    "@types/node" "*"

"@types/connect@*":
  version "3.4.32"
  resolved "https://registry.npmjs.org/@types/connect/-/connect-3.4.32.tgz#aa0e9616b9435ccad02bc52b5b454ffc2c70ba28"
  dependencies:
    "@types/node" "*"

"@types/events@*":
  version "1.2.0"
  resolved "https://registry.npmjs.org/@types/events/-/events-1.2.0.tgz#81a6731ce4df43619e5c8c945383b3e62a89ea86"

"@types/express-serve-static-core@*":
  version "4.16.0"
  resolved "https://registry.npmjs.org/@types/express-serve-static-core/-/express-serve-static-core-4.16.0.tgz#fdfe777594ddc1fe8eb8eccce52e261b496e43e7"
  dependencies:
    "@types/events" "*"
    "@types/node" "*"
    "@types/range-parser" "*"

"@types/express@^4.16.0":
  version "4.16.0"
  resolved "https://registry.npmjs.org/@types/express/-/express-4.16.0.tgz#6d8bc42ccaa6f35cf29a2b7c3333cb47b5a32a19"
  dependencies:
    "@types/body-parser" "*"
    "@types/express-serve-static-core" "*"
    "@types/serve-static" "*"

"@types/mime@*":
  version "2.0.0"
  resolved "https://registry.npmjs.org/@types/mime/-/mime-2.0.0.tgz#5a7306e367c539b9f6543499de8dd519fac37a8b"

"@types/node@*", "@types/node@^10.3.4":
  version "10.3.4"
  resolved "https://registry.npmjs.org/@types/node/-/node-10.3.4.tgz#c74e8aec19e555df44609b8057311052a2c84d9e"

"@types/range-parser@*":
  version "1.2.2"
  resolved "https://registry.npmjs.org/@types/range-parser/-/range-parser-1.2.2.tgz#fa8e1ad1d474688a757140c91de6dace6f4abc8d"

"@types/serve-static@*":
  version "1.13.2"
  resolved "https://registry.npmjs.org/@types/serve-static/-/serve-static-1.13.2.tgz#f5ac4d7a6420a99a6a45af4719f4dcd8cd907a48"
  dependencies:
    "@types/express-serve-static-core" "*"
    "@types/mime" "*"

ansi-styles@^3.2.1:
  version "3.2.1"
  resolved "https://registry.npmjs.org/ansi-styles/-/ansi-styles-3.2.1.tgz#41fbb20243e50b12be0f04b8dedbf07520ce841d"
  dependencies:
    color-convert "^1.9.0"

chalk@^2.4.1:
  version "2.4.1"
  resolved "https://registry.npmjs.org/chalk/-/chalk-2.4.1.tgz#18c49ab16a037b6eb0152cc83e3471338215b66e"
  dependencies:
    ansi-styles "^3.2.1"
    escape-string-regexp "^1.0.5"
    supports-color "^5.3.0"

color-convert@^1.9.0:
  version "1.9.2"
  resolved "https://registry.npmjs.org/color-convert/-/color-convert-1.9.2.tgz#49881b8fba67df12a96bdf3f56c0aab9e7913147"
  dependencies:
    color-name "1.1.1"

color-name@1.1.1:
  version "1.1.1"
  resolved "https://registry.npmjs.org/color-name/-/color-name-1.1.1.tgz#4b1415304cf50028ea81643643bd82ea05803689"

ee-first@1.1.1:
  version "1.1.1"
  resolved "https://registry.npmjs.org/ee-first/-/ee-first-1.1.1.tgz#590c61156b0ae2f4f0255732a158b266bc56b21d"

escape-string-regexp@^1.0.5:
  version "1.0.5"
  resolved "https://registry.npmjs.org/escape-string-regexp/-/escape-string-regexp-1.0.5.tgz#1b61c0562190a8dff6ae3bb2cf0200ca130b86d4"

has-flag@^3.0.0:
  version "3.0.0"
  resolved "https://registry.npmjs.org/has-flag/-/has-flag-3.0.0.tgz#b5d454dc2199ae225699f3467e5a07f3b955bafd"

on-finished@^2.3.0:
  version "2.3.0"
  resolved "https://registry.npmjs.org/on-finished/-/on-finished-2.3.0.tgz#20f1336481b083cd75337992a16971aa2d906947"
  dependencies:
    ee-first "1.1.1"

supports-color@^5.3.0:
  version "5.4.0"
  resolved "https://registry.npmjs.org/supports-color/-/supports-color-5.4.0.tgz#1c6b337402c2137605efe19f10fec390f6faab54"
  dependencies:
    has-flag "^3.0.0"

typescript@^2.9.2:
  version "2.9.2"
  resolved "https://registry.npmjs.org/typescript/-/typescript-2.9.2.tgz#1cbf61d05d6b96269244eb6a3bce4bd914e0f00c"

uuid@^3.2.1:
  version "3.2.1"
  resolved "https://registry.npmjs.org/uuid/-/uuid-3.2.1.tgz#12c528bb9d58d0b9265d9a2f6f0fe8be17ff1f14"
